{
	"name": "star-trek-ipsum",
	"version": "0.0.1",
	"lockfileVersion": 1,
	"requires": true,
	"dependencies": {
		"commander": {
			"version": "0.2.1",
			"resolved": "https://registry.npmjs.org/commander/-/commander-0.2.1.tgz",
			"integrity": "sha512-X0rKovMH5Z1nJ1tHvoC5/IR9LOa02F3wLp/VSCqE3JOoruENwoz+gh1hAmieiAdlaEooi//eRCQnOKI1JGva9Q=="
		},
		"connect": {
			"version": "1.9.2",
			"resolved": "https://registry.npmjs.org/connect/-/connect-1.9.2.tgz",
			"integrity": "sha512-6Z9RPjQOHjaI47gK385djHVv7SEkRm1Y9AAvBhiI7gSXpO5sFktTkAD+dkbcaiEo2xaNlS1KIJU3XRxqbPLx6w==",
			"requires": {
				"formidable": "1.0.x",
				"mime": ">= 0.0.1",
				"qs": ">= 0.4.0"
			}
		},
		"express": {
			"version": "2.5.11",
			"resolved": "https://registry.npmjs.org/express/-/express-2.5.11.tgz",
			"integrity": "sha512-gc3jJ0P3Bh1Zjkxe0ICSNmjhDvYWKiXfQIdDWuRPr8S4IZAZexzJHjrzNz56LsRKHTL0OiXQq602GfwZjZ8xPQ==",
			"requires": {
				"connect": "1.x",
				"mime": "1.2.4",
				"mkdirp": "0.3.0",
				"qs": "0.4.x"
			}
		},
		"formidable": {
			"version": "1.0.17",
			"resolved": "https://registry.npmjs.org/formidable/-/formidable-1.0.17.tgz",
			"integrity": "sha512-95MFT5qipMvUiesmuvGP1BI4hh5XWCzyTapiNJ/k8JBQda7rPy7UCWYItz2uZEdTgGNy1eInjzlL9Wx1O9fedg=="
		},
		"jade": {
			"version": "0.16.4",
			"resolved": "https://registry.npmjs.org/jade/-/jade-0.16.4.tgz",
			"integrity": "sha512-8TTUcHVMPrsuhy+F91jFSl4nxVNm2vIgOZ/WeRDaM0ioE6Wjxvb9R1lVkW1ESDt9DozlglZKI/BdGn32clrovw==",
			"requires": {
				"commander": "0.2.x",
				"mkdirp": ">= 0.0.7"
			}
		},
		"mime": {
			"version": "1.2.4",
			"resolved": "https://registry.npmjs.org/mime/-/mime-1.2.4.tgz",
			"integrity": "sha512-u4y8WFj7SnfbHxyzCMSV2nL/GKbfZ+lidPf1V4/XUKCJ49N6ttQWp/xnqpbMQEx3naBSt93i2qtPLFj/mjPDaA=="
		},
		"mkdirp": {
			"version": "0.3.0",
			"resolved": "https://registry.npmjs.org/mkdirp/-/mkdirp-0.3.0.tgz",
			"integrity": "sha512-OHsdUcVAQ6pOtg5JYWpCBo9W/GySVuwvP9hueRMW7UqshC0tbfzLv8wjySTPm3tfUZ/21CE9E1pJagOA91Pxew=="
		},
		"qs": {
			"version": "0.4.2",
			"resolved": "https://registry.npmjs.org/qs/-/qs-0.4.2.tgz",
			"integrity": "sha512-VAtfWeUtlBOnGiWFok2vOIMmwumiLmpqXDcXQcAEIQmLYgDbjrkHrcFBfth+YVDeRsz7jX44dhJr7IBJR0t/FQ=="
		}
	}
}
